
Microsoft Visual Studio Solution File, Format Version 12.00
# Visual Studio 15
VisualStudioVersion = 15.0.27703.2047
MinimumVisualStudioVersion = 10.0.40219.1
Project("{2150E333-8FDC-42A3-9474-1A3956D46DE8}") = "Solution Items", "Solution Items", "{2E0BBA77-FD7F-4524-A9A7-980E895889E6}"
	ProjectSection(SolutionItems) = preProject
		.travis.yml = .travis.yml
		Readme.md = Readme.md
	EndProjectSection
EndProject
Project("{FAE04EC0-301F-11D3-BF4B-00C04F79EFBC}") = "Hitcents.Interview.AwesomeRpg.DesktopClient", "Hitcents.Interview.AwesomeRpg.DesktopClient\Hitcents.Interview.AwesomeRpg.DesktopClient.csproj", "{98A3DD55-FA2A-4C92-A04D-B3CD223C19C3}"
EndProject
Project("{9A19103F-16F7-4668-BE54-9A1E7A4F7556}") = "Hitcents.Interview.AwesomeRpg.Engine", "Hitcents.Interview.AwesomeRpg.Engine\Hitcents.Interview.AwesomeRpg.Engine.csproj", "{770B209A-ECEC-4E4F-A969-A92FDCEEF52B}"
EndProject
Project("{9A19103F-16F7-4668-BE54-9A1E7A4F7556}") = "Hitcents.Interview.AwesomeRpg.Loaders", "Hitcents.Interview.AwesomeRpg.Loaders\Hitcents.Interview.AwesomeRpg.Loaders.csproj", "{DCD764C4-01AB-4767-B8D9-C89B44883018}"
EndProject
Project("{FAE04EC0-301F-11D3-BF4B-00C04F79EFBC}") = "Hitcents.Interview.AwesomeRpg.Tests", "Hitcents.Interview.AwesomeRpg.Tests\Hitcents.Interview.AwesomeRpg.Tests.csproj", "{42AF5CC0-B2C9-46C5-8DEC-50BEEEA3C663}"
EndProject
Project("{9A19103F-16F7-4668-BE54-9A1E7A4F7556}") = "Hitcents.Interview.AwesomeRpg.Contracts", "Hitcents.Interview.AwesomeRpg.Contracts\Hitcents.Interview.AwesomeRpg.Contracts.csproj", "{56DF9882-1AD8-4D0F-BFCE-4CCF28491B37}"
EndProject
Global
	GlobalSection(SolutionConfigurationPlatforms) = preSolution
		Debug|Any CPU = Debug|Any CPU
		Release|Any CPU = Release|Any CPU
	EndGlobalSection
	GlobalSection(ProjectConfigurationPlatforms) = postSolution
		{98A3DD55-FA2A-4C92-A04D-B3CD223C19C3}.Debug|Any CPU.ActiveCfg = Debug|Any CPU
		{98A3DD55-FA2A-4C92-A04D-B3CD223C19C3}.Debug|Any CPU.Build.0 = Debug|Any CPU
		{98A3DD55-FA2A-4C92-A04D-B3CD223C19C3}.Release|Any CPU.ActiveCfg = Release|Any CPU
		{98A3DD55-FA2A-4C92-A04D-B3CD223C19C3}.Release|Any CPU.Build.0 = Release|Any CPU
		{770B209A-ECEC-4E4F-A969-A92FDCEEF52B}.Debug|Any CPU.ActiveCfg = Debug|Any CPU
		{770B209A-ECEC-4E4F-A969-A92FDCEEF52B}.Debug|Any CPU.Build.0 = Debug|Any CPU
		{770B209A-ECEC-4E4F-A969-A92FDCEEF52B}.Release|Any CPU.ActiveCfg = Release|Any CPU
		{770B209A-ECEC-4E4F-A969-A92FDCEEF52B}.Release|Any CPU.Build.0 = Release|Any CPU
		{DCD764C4-01AB-4767-B8D9-C89B44883018}.Debug|Any CPU.ActiveCfg = Debug|Any CPU
		{DCD764C4-01AB-4767-B8D9-C89B44883018}.Debug|Any CPU.Build.0 = Debug|Any CPU
		{DCD764C4-01AB-4767-B8D9-C89B44883018}.Release|Any CPU.ActiveCfg = Release|Any CPU
		{DCD764C4-01AB-4767-B8D9-C89B44883018}.Release|Any CPU.Build.0 = Release|Any CPU
		{42AF5CC0-B2C9-46C5-8DEC-50BEEEA3C663}.Debug|Any CPU.ActiveCfg = Debug|Any CPU
		{42AF5CC0-B2C9-46C5-8DEC-50BEEEA3C663}.Debug|Any CPU.Build.0 = Debug|Any CPU
		{42AF5CC0-B2C9-46C5-8DEC-50BEEEA3C663}.Release|Any CPU.ActiveCfg = Release|Any CPU
		{42AF5CC0-B2C9-46C5-8DEC-50BEEEA3C663}.Release|Any CPU.Build.0 = Release|Any CPU
		{56DF9882-1AD8-4D0F-BFCE-4CCF28491B37}.Debug|Any CPU.ActiveCfg = Debug|Any CPU
		{56DF9882-1AD8-4D0F-BFCE-4CCF28491B37}.Debug|Any CPU.Build.0 = Debug|Any CPU
		{56DF9882-1AD8-4D0F-BFCE-4CCF28491B37}.Release|Any CPU.ActiveCfg = Release|Any CPU
		{56DF9882-1AD8-4D0F-BFCE-4CCF28491B37}.Release|Any CPU.Build.0 = Release|Any CPU
	EndGlobalSection
	GlobalSection(SolutionProperties) = preSolution
		HideSolutionNode = FALSE
	EndGlobalSection
	GlobalSection(ExtensibilityGlobals) = postSolution
		SolutionGuid = {C6639823-A00A-4959-91CB-96CCFBCB1152}
	EndGlobalSection
EndGlobal
