
Microsoft Visual Studio Solution File, Format Version 12.00
# Visual Studio 14
VisualStudioVersion = 14.0.25123.0
MinimumVisualStudioVersion = 10.0.40219.1
Project("{2150E333-8FDC-42A3-9474-1A3956D46DE8}") = "Solution Items", "Solution Items", "{2E0BBA77-FD7F-4524-A9A7-980E895889E6}"
	ProjectSection(SolutionItems) = preProject
		..\..\..\Users\Mark\Downloads\README.MD = ..\..\..\Users\Mark\Downloads\README.MD
	EndProjectSection
EndProject
Project("{FAE04EC0-301F-11D3-BF4B-00C04F79EFBC}") = "Hitcents.Interview.AwesomeRpg.Contracts", "Hitcents.Interview.AwesomeRpg.Contracts\Hitcents.Interview.AwesomeRpg.Contracts.csproj", "{D1AC1EED-E929-48E4-ADFC-5058791C89C9}"
EndProject
Project("{FAE04EC0-301F-11D3-BF4B-00C04F79EFBC}") = "Hitcents.Interview.AwesomeRpg.Tests", "Hitcents.Interview.AwesomeRpg.Tests\Hitcents.Interview.AwesomeRpg.Tests.csproj", "{510A2594-A1DA-47C1-A7D4-5F973C110F4B}"
EndProject
Global
	GlobalSection(SolutionConfigurationPlatforms) = preSolution
		Debug|Any CPU = Debug|Any CPU
		Release|Any CPU = Release|Any CPU
	EndGlobalSection
	GlobalSection(ProjectConfigurationPlatforms) = postSolution
		{D1AC1EED-E929-48E4-ADFC-5058791C89C9}.Debug|Any CPU.ActiveCfg = Debug|Any CPU
		{D1AC1EED-E929-48E4-ADFC-5058791C89C9}.Debug|Any CPU.Build.0 = Debug|Any CPU
		{D1AC1EED-E929-48E4-ADFC-5058791C89C9}.Release|Any CPU.ActiveCfg = Release|Any CPU
		{D1AC1EED-E929-48E4-ADFC-5058791C89C9}.Release|Any CPU.Build.0 = Release|Any CPU
		{510A2594-A1DA-47C1-A7D4-5F973C110F4B}.Debug|Any CPU.ActiveCfg = Debug|Any CPU
		{510A2594-A1DA-47C1-A7D4-5F973C110F4B}.Debug|Any CPU.Build.0 = Debug|Any CPU
		{510A2594-A1DA-47C1-A7D4-5F973C110F4B}.Release|Any CPU.ActiveCfg = Release|Any CPU
		{510A2594-A1DA-47C1-A7D4-5F973C110F4B}.Release|Any CPU.Build.0 = Release|Any CPU
	EndGlobalSection
	GlobalSection(SolutionProperties) = preSolution
		HideSolutionNode = FALSE
	EndGlobalSection
EndGlobal
